{
    "_readme": [
        "This file locks the dependencies of your project to a known state",
        "Read more about it at https://getcomposer.org/doc/01-basic-usage.md#composer-lock-the-lock-file",
        "This file is @generated automatically"
    ],
    "hash": "0696ea4311ef9a43ab23e6cdb6d8952f",
    "content-hash": "ec9d66d2d3f75b394e300ab484494957",
    "packages": [
        {
            "name": "mauricesvay/php-facedetection",
            "version": "0.1.0",
            "source": {
                "type": "git",
                "url": "https://github.com/mauricesvay/php-facedetection.git",
                "reference": "b016273ceceacd85562bbc50384fbabc947fe525"
            },
            "dist": {
                "type": "zip",
                "url": "https://api.github.com/repos/mauricesvay/php-facedetection/zipball/b016273ceceacd85562bbc50384fbabc947fe525",
                "reference": "b016273ceceacd85562bbc50384fbabc947fe525",
                "shasum": ""
            },
            "require": {
                "ext-gd": "*",
                "php": ">=5.2.0"
            },
            "type": "library",
            "autoload": {
                "classmap": [
                    "FaceDetector.php",
                    "Exception/"
                ]
            },
            "notification-url": "https://packagist.org/downloads/",
            "license": [
                "GPL-2.0"
            ],
            "authors": [
                {
                    "name": "Maurice Svay",
                    "homepage": "https://github.com/mauricesvay/php-facedetection/graphs/contributors"
                }
            ],
            "description": "PHP class to detect one face in images. A pure PHP port of an existing JS code from Karthik Tharavad.",
            "homepage": "https://github.com/mauricesvay/php-facedetection",
            "time": "2016-01-26 22:10:00"
        }
    ],
    "packages-dev": [],
    "aliases": [],
    "minimum-stability": "stable",
    "stability-flags": [],
    "prefer-stable": false,
    "prefer-lowest": false,
    "platform": [],
    "platform-dev": []
}
